// !$*UTF8*$!
{
	archiveVersion = 1;
	classes = {
	};
	objectVersion = 46;
	objects = {

/* Begin PBXBuildFile section */
		2030E9CD15DD5D4D002469E0 /* SCTeamListScrollView.m in Sources */ = {isa = PBXBuildFile; fileRef = 2030E9CC15DD5D4D002469E0 /* SCTeamListScrollView.m */; };
		2030E9D015DD5DDF002469E0 /* SCTeamShowViewController.m in Sources */ = {isa = PBXBuildFile; fileRef = 2030E9CF15DD5DDF002469E0 /* SCTeamShowViewController.m */; };
		203DA33115D78AB400511E7C /* SCTeamCreateView.m in Sources */ = {isa = PBXBuildFile; fileRef = 203DA33015D78AB400511E7C /* SCTeamCreateView.m */; };
		20421CF915DB64DB002FD200 /* QuartzCore.framework in Frameworks */ = {isa = PBXBuildFile; fileRef = 20421CF815DB64DB002FD200 /* QuartzCore.framework */; };
		205412AA15D4DDC600E3F9AE /* SCTeamPartialView.m in Sources */ = {isa = PBXBuildFile; fileRef = 205412A915D4DDC600E3F9AE /* SCTeamPartialView.m */; };
		20545D4B15D43E9900505E7F /* SCTeamIndexViewController.m in Sources */ = {isa = PBXBuildFile; fileRef = 20545D4A15D43E9900505E7F /* SCTeamIndexViewController.m */; };
		20FA4E2B15D2205200A863EE /* UIKit.framework in Frameworks */ = {isa = PBXBuildFile; fileRef = 20FA4E2A15D2205200A863EE /* UIKit.framework */; };
		20FA4E2D15D2205200A863EE /* Foundation.framework in Frameworks */ = {isa = PBXBuildFile; fileRef = 20FA4E2C15D2205200A863EE /* Foundation.framework */; };
		20FA4E2F15D2205200A863EE /* CoreGraphics.framework in Frameworks */ = {isa = PBXBuildFile; fileRef = 20FA4E2E15D2205200A863EE /* CoreGraphics.framework */; };
		20FA4E3115D2205200A863EE /* CoreData.framework in Frameworks */ = {isa = PBXBuildFile; fileRef = 20FA4E3015D2205200A863EE /* CoreData.framework */; };
		20FA4E3715D2205200A863EE /* InfoPlist.strings in Resources */ = {isa = PBXBuildFile; fileRef = 20FA4E3515D2205200A863EE /* InfoPlist.strings */; };
		20FA4E3915D2205200A863EE /* main.m in Sources */ = {isa = PBXBuildFile; fileRef = 20FA4E3815D2205200A863EE /* main.m */; };
		20FA4E3D15D2205200A863EE /* SCAppDelegate.m in Sources */ = {isa = PBXBuildFile; fileRef = 20FA4E3C15D2205200A863EE /* SCAppDelegate.m */; };
		20FA4E4615D2205200A863EE /* SoccerCoach.xcdatamodeld in Sources */ = {isa = PBXBuildFile; fileRef = 20FA4E4415D2205200A863EE /* SoccerCoach.xcdatamodeld */; };
		20FBA7B615D8BE11003EDA44 /* Game.m in Sources */ = {isa = PBXBuildFile; fileRef = 20FBA7B515D8BE11003EDA44 /* Game.m */; };
		20FBA7B915D8BE26003EDA44 /* GamePlayer.m in Sources */ = {isa = PBXBuildFile; fileRef = 20FBA7B815D8BE26003EDA44 /* GamePlayer.m */; };
		20FBA7BC15D8BE37003EDA44 /* Player.m in Sources */ = {isa = PBXBuildFile; fileRef = 20FBA7BB15D8BE37003EDA44 /* Player.m */; };
		20FBA7BF15D8BE42003EDA44 /* PlayingTime.m in Sources */ = {isa = PBXBuildFile; fileRef = 20FBA7BE15D8BE42003EDA44 /* PlayingTime.m */; };
		20FBA7C215D8BE51003EDA44 /* Team.m in Sources */ = {isa = PBXBuildFile; fileRef = 20FBA7C115D8BE51003EDA44 /* Team.m */; };
		20FBA7C515D8BE60003EDA44 /* TeamGameSetting.m in Sources */ = {isa = PBXBuildFile; fileRef = 20FBA7C415D8BE60003EDA44 /* TeamGameSetting.m */; };
/* End PBXBuildFile section */

/* Begin PBXFileReference section */
		2030E9CB15DD5D4D002469E0 /* SCTeamListScrollView.h */ = {isa = PBXFileReference; fileEncoding = 4; lastKnownFileType = sourcecode.c.h; path = SCTeamListScrollView.h; sourceTree = "<group>"; };
		2030E9CC15DD5D4D002469E0 /* SCTeamListScrollView.m */ = {isa = PBXFileReference; fileEncoding = 4; lastKnownFileType = sourcecode.c.objc; path = SCTeamListScrollView.m; sourceTree = "<group>"; };
		2030E9CE15DD5DDF002469E0 /* SCTeamShowViewController.h */ = {isa = PBXFileReference; fileEncoding = 4; lastKnownFileType = sourcecode.c.h; path = SCTeamShowViewController.h; sourceTree = "<group>"; };
		2030E9CF15DD5DDF002469E0 /* SCTeamShowViewController.m */ = {isa = PBXFileReference; fileEncoding = 4; lastKnownFileType = sourcecode.c.objc; path = SCTeamShowViewController.m; sourceTree = "<group>"; };
		203DA32F15D78AB400511E7C /* SCTeamCreateView.h */ = {isa = PBXFileReference; fileEncoding = 4; lastKnownFileType = sourcecode.c.h; path = SCTeamCreateView.h; sourceTree = "<group>"; };
		203DA33015D78AB400511E7C /* SCTeamCreateView.m */ = {isa = PBXFileReference; fileEncoding = 4; lastKnownFileType = sourcecode.c.objc; path = SCTeamCreateView.m; sourceTree = "<group>"; };
		20421CF815DB64DB002FD200 /* QuartzCore.framework */ = {isa = PBXFileReference; lastKnownFileType = wrapper.framework; name = QuartzCore.framework; path = System/Library/Frameworks/QuartzCore.framework; sourceTree = SDKROOT; };
		205412A815D4DDC600E3F9AE /* SCTeamPartialView.h */ = {isa = PBXFileReference; fileEncoding = 4; lastKnownFileType = sourcecode.c.h; path = SCTeamPartialView.h; sourceTree = "<group>"; };
		205412A915D4DDC600E3F9AE /* SCTeamPartialView.m */ = {isa = PBXFileReference; fileEncoding = 4; lastKnownFileType = sourcecode.c.objc; path = SCTeamPartialView.m; sourceTree = "<group>"; };
		20545D4915D43E9900505E7F /* SCTeamIndexViewController.h */ = {isa = PBXFileReference; fileEncoding = 4; lastKnownFileType = sourcecode.c.h; path = SCTeamIndexViewController.h; sourceTree = "<group>"; };
		20545D4A15D43E9900505E7F /* SCTeamIndexViewController.m */ = {isa = PBXFileReference; fileEncoding = 4; indentWidth = 2; lastKnownFileType = sourcecode.c.objc; path = SCTeamIndexViewController.m; sourceTree = "<group>"; tabWidth = 2; usesTabs = 0; };
		20FA4E2615D2205200A863EE /* SoccerCoach.app */ = {isa = PBXFileReference; explicitFileType = wrapper.application; includeInIndex = 0; path = SoccerCoach.app; sourceTree = BUILT_PRODUCTS_DIR; };
		20FA4E2A15D2205200A863EE /* UIKit.framework */ = {isa = PBXFileReference; lastKnownFileType = wrapper.framework; name = UIKit.framework; path = System/Library/Frameworks/UIKit.framework; sourceTree = SDKROOT; };
		20FA4E2C15D2205200A863EE /* Foundation.framework */ = {isa = PBXFileReference; lastKnownFileType = wrapper.framework; name = Foundation.framework; path = System/Library/Frameworks/Foundation.framework; sourceTree = SDKROOT; };
		20FA4E2E15D2205200A863EE /* CoreGraphics.framework */ = {isa = PBXFileReference; lastKnownFileType = wrapper.framework; name = CoreGraphics.framework; path = System/Library/Frameworks/CoreGraphics.framework; sourceTree = SDKROOT; };
		20FA4E3015D2205200A863EE /* CoreData.framework */ = {isa = PBXFileReference; lastKnownFileType = wrapper.framework; name = CoreData.framework; path = System/Library/Frameworks/CoreData.framework; sourceTree = SDKROOT; };
		20FA4E3415D2205200A863EE /* SoccerCoach-Info.plist */ = {isa = PBXFileReference; lastKnownFileType = text.plist.xml; path = "SoccerCoach-Info.plist"; sourceTree = "<group>"; };
		20FA4E3615D2205200A863EE /* en */ = {isa = PBXFileReference; lastKnownFileType = text.plist.strings; name = en; path = en.lproj/InfoPlist.strings; sourceTree = "<group>"; };
		20FA4E3815D2205200A863EE /* main.m */ = {isa = PBXFileReference; lastKnownFileType = sourcecode.c.objc; path = main.m; sourceTree = "<group>"; };
		20FA4E3A15D2205200A863EE /* SoccerCoach-Prefix.pch */ = {isa = PBXFileReference; lastKnownFileType = sourcecode.c.h; path = "SoccerCoach-Prefix.pch"; sourceTree = "<group>"; };
		20FA4E3B15D2205200A863EE /* SCAppDelegate.h */ = {isa = PBXFileReference; indentWidth = 2; lastKnownFileType = sourcecode.c.h; path = SCAppDelegate.h; sourceTree = "<group>"; tabWidth = 2; usesTabs = 1; wrapsLines = 1; };
		20FA4E3C15D2205200A863EE /* SCAppDelegate.m */ = {isa = PBXFileReference; indentWidth = 2; lastKnownFileType = sourcecode.c.objc; path = SCAppDelegate.m; sourceTree = "<group>"; tabWidth = 2; usesTabs = 1; wrapsLines = 1; };
		20FA4E4515D2205200A863EE /* SoccerCoach.xcdatamodel */ = {isa = PBXFileReference; lastKnownFileType = wrapper.xcdatamodel; path = SoccerCoach.xcdatamodel; sourceTree = "<group>"; };
		20FA4E5315D2205200A863EE /* SenTestingKit.framework */ = {isa = PBXFileReference; lastKnownFileType = wrapper.framework; name = SenTestingKit.framework; path = Library/Frameworks/SenTestingKit.framework; sourceTree = DEVELOPER_DIR; };
		20FBA7B415D8BE11003EDA44 /* Game.h */ = {isa = PBXFileReference; fileEncoding = 4; lastKnownFileType = sourcecode.c.h; path = Game.h; sourceTree = "<group>"; };
		20FBA7B515D8BE11003EDA44 /* Game.m */ = {isa = PBXFileReference; fileEncoding = 4; lastKnownFileType = sourcecode.c.objc; path = Game.m; sourceTree = "<group>"; };
		20FBA7B715D8BE26003EDA44 /* GamePlayer.h */ = {isa = PBXFileReference; fileEncoding = 4; lastKnownFileType = sourcecode.c.h; path = GamePlayer.h; sourceTree = "<group>"; };
		20FBA7B815D8BE26003EDA44 /* GamePlayer.m */ = {isa = PBXFileReference; fileEncoding = 4; lastKnownFileType = sourcecode.c.objc; path = GamePlayer.m; sourceTree = "<group>"; };
		20FBA7BA15D8BE37003EDA44 /* Player.h */ = {isa = PBXFileReference; fileEncoding = 4; lastKnownFileType = sourcecode.c.h; path = Player.h; sourceTree = "<group>"; };
		20FBA7BB15D8BE37003EDA44 /* Player.m */ = {isa = PBXFileReference; fileEncoding = 4; lastKnownFileType = sourcecode.c.objc; path = Player.m; sourceTree = "<group>"; };
		20FBA7BD15D8BE42003EDA44 /* PlayingTime.h */ = {isa = PBXFileReference; fileEncoding = 4; lastKnownFileType = sourcecode.c.h; path = PlayingTime.h; sourceTree = "<group>"; };
		20FBA7BE15D8BE42003EDA44 /* PlayingTime.m */ = {isa = PBXFileReference; fileEncoding = 4; lastKnownFileType = sourcecode.c.objc; path = PlayingTime.m; sourceTree = "<group>"; };
		20FBA7C015D8BE51003EDA44 /* Team.h */ = {isa = PBXFileReference; fileEncoding = 4; lastKnownFileType = sourcecode.c.h; path = Team.h; sourceTree = "<group>"; };
		20FBA7C115D8BE51003EDA44 /* Team.m */ = {isa = PBXFileReference; fileEncoding = 4; lastKnownFileType = sourcecode.c.objc; path = Team.m; sourceTree = "<group>"; };
		20FBA7C315D8BE60003EDA44 /* TeamGameSetting.h */ = {isa = PBXFileReference; fileEncoding = 4; lastKnownFileType = sourcecode.c.h; path = TeamGameSetting.h; sourceTree = "<group>"; };
		20FBA7C415D8BE60003EDA44 /* TeamGameSetting.m */ = {isa = PBXFileReference; fileEncoding = 4; lastKnownFileType = sourcecode.c.objc; path = TeamGameSetting.m; sourceTree = "<group>"; };
/* End PBXFileReference section */

/* Begin PBXFrameworksBuildPhase section */
		20FA4E2315D2205200A863EE /* Frameworks */ = {
			isa = PBXFrameworksBuildPhase;
			buildActionMask = 2147483647;
			files = (
				20421CF915DB64DB002FD200 /* QuartzCore.framework in Frameworks */,
				20FA4E2B15D2205200A863EE /* UIKit.framework in Frameworks */,
				20FA4E2D15D2205200A863EE /* Foundation.framework in Frameworks */,
				20FA4E2F15D2205200A863EE /* CoreGraphics.framework in Frameworks */,
				20FA4E3115D2205200A863EE /* CoreData.framework in Frameworks */,
			);
			runOnlyForDeploymentPostprocessing = 0;
		};
/* End PBXFrameworksBuildPhase section */

/* Begin PBXGroup section */
		2030E9CA15DC6BD6002469E0 /* Teams */ = {
			isa = PBXGroup;
			children = (
				205412A815D4DDC600E3F9AE /* SCTeamPartialView.h */,
				205412A915D4DDC600E3F9AE /* SCTeamPartialView.m */,
				203DA32F15D78AB400511E7C /* SCTeamCreateView.h */,
				203DA33015D78AB400511E7C /* SCTeamCreateView.m */,
				2030E9CB15DD5D4D002469E0 /* SCTeamListScrollView.h */,
				2030E9CC15DD5D4D002469E0 /* SCTeamListScrollView.m */,
			);
			name = Teams;
			sourceTree = "<group>";
		};
		2030E9D115DD5DE8002469E0 /* Teams */ = {
			isa = PBXGroup;
			children = (
				2030E9CE15DD5DDF002469E0 /* SCTeamShowViewController.h */,
				2030E9CF15DD5DDF002469E0 /* SCTeamShowViewController.m */,
				20545D4915D43E9900505E7F /* SCTeamIndexViewController.h */,
				20545D4A15D43E9900505E7F /* SCTeamIndexViewController.m */,
			);
			name = Teams;
			sourceTree = "<group>";
		};
		20FA4E1B15D2205200A863EE = {
			isa = PBXGroup;
			children = (
				20421CF815DB64DB002FD200 /* QuartzCore.framework */,
				20FA4E3215D2205200A863EE /* SoccerCoach */,
				20FA4E2915D2205200A863EE /* Frameworks */,
				20FA4E2715D2205200A863EE /* Products */,
			);
			sourceTree = "<group>";
		};
		20FA4E2715D2205200A863EE /* Products */ = {
			isa = PBXGroup;
			children = (
				20FA4E2615D2205200A863EE /* SoccerCoach.app */,
			);
			name = Products;
			sourceTree = "<group>";
		};
		20FA4E2915D2205200A863EE /* Frameworks */ = {
			isa = PBXGroup;
			children = (
				20FA4E2A15D2205200A863EE /* UIKit.framework */,
				20FA4E2C15D2205200A863EE /* Foundation.framework */,
				20FA4E2E15D2205200A863EE /* CoreGraphics.framework */,
				20FA4E3015D2205200A863EE /* CoreData.framework */,
				20FA4E5315D2205200A863EE /* SenTestingKit.framework */,
			);
			name = Frameworks;
			sourceTree = "<group>";
		};
		20FA4E3215D2205200A863EE /* SoccerCoach */ = {
			isa = PBXGroup;
			children = (
				20FA4E6D15D221F900A863EE /* Models */,
				20FA4E6C15D221EB00A863EE /* Views */,
				20FA4E6B15D221D400A863EE /* Controllers */,
				20FA4E3315D2205200A863EE /* Supporting Files */,
			);
			path = SoccerCoach;
			sourceTree = "<group>";
		};
		20FA4E3315D2205200A863EE /* Supporting Files */ = {
			isa = PBXGroup;
			children = (
				20FA4E3415D2205200A863EE /* SoccerCoach-Info.plist */,
				20FA4E3515D2205200A863EE /* InfoPlist.strings */,
				20FA4E3815D2205200A863EE /* main.m */,
				20FA4E3A15D2205200A863EE /* SoccerCoach-Prefix.pch */,
			);
			name = "Supporting Files";
			sourceTree = "<group>";
		};
		20FA4E6B15D221D400A863EE /* Controllers */ = {
			isa = PBXGroup;
			children = (
				2030E9D115DD5DE8002469E0 /* Teams */,
				20FA4E3B15D2205200A863EE /* SCAppDelegate.h */,
				20FA4E3C15D2205200A863EE /* SCAppDelegate.m */,
			);
			name = Controllers;
			sourceTree = "<group>";
		};
		20FA4E6C15D221EB00A863EE /* Views */ = {
			isa = PBXGroup;
			children = (
				2030E9CA15DC6BD6002469E0 /* Teams */,
			);
			name = Views;
			sourceTree = "<group>";
		};
		20FA4E6D15D221F900A863EE /* Models */ = {
			isa = PBXGroup;
			children = (
				20FA4E4415D2205200A863EE /* SoccerCoach.xcdatamodeld */,
				20FBA7C315D8BE60003EDA44 /* TeamGameSetting.h */,
				20FBA7C415D8BE60003EDA44 /* TeamGameSetting.m */,
				20FBA7C015D8BE51003EDA44 /* Team.h */,
				20FBA7C115D8BE51003EDA44 /* Team.m */,
				20FBA7BD15D8BE42003EDA44 /* PlayingTime.h */,
				20FBA7BE15D8BE42003EDA44 /* PlayingTime.m */,
				20FBA7BA15D8BE37003EDA44 /* Player.h */,
				20FBA7BB15D8BE37003EDA44 /* Player.m */,
				20FBA7B715D8BE26003EDA44 /* GamePlayer.h */,
				20FBA7B815D8BE26003EDA44 /* GamePlayer.m */,
				20FBA7B415D8BE11003EDA44 /* Game.h */,
				20FBA7B515D8BE11003EDA44 /* Game.m */,
			);
			name = Models;
			sourceTree = "<group>";
		};
/* End PBXGroup section */

/* Begin PBXNativeTarget section */
		20FA4E2515D2205200A863EE /* SoccerCoach */ = {
			isa = PBXNativeTarget;
			buildConfigurationList = 20FA4E6515D2205200A863EE /* Build configuration list for PBXNativeTarget "SoccerCoach" */;
			buildPhases = (
				20FA4E2215D2205200A863EE /* Sources */,
				20FA4E2315D2205200A863EE /* Frameworks */,
				20FA4E2415D2205200A863EE /* Resources */,
			);
			buildRules = (
			);
			dependencies = (
			);
			name = SoccerCoach;
			productName = SoccerCoach;
			productReference = 20FA4E2615D2205200A863EE /* SoccerCoach.app */;
			productType = "com.apple.product-type.application";
		};
/* End PBXNativeTarget section */

/* Begin PBXProject section */
		20FA4E1D15D2205200A863EE /* Project object */ = {
			isa = PBXProject;
			attributes = {
				CLASSPREFIX = SC;
				LastUpgradeCheck = 0440;
				ORGANIZATIONNAME = rand9;
			};
			buildConfigurationList = 20FA4E2015D2205200A863EE /* Build configuration list for PBXProject "SoccerCoach" */;
			compatibilityVersion = "Xcode 3.2";
			developmentRegion = English;
			hasScannedForEncodings = 0;
			knownRegions = (
				en,
			);
			mainGroup = 20FA4E1B15D2205200A863EE;
			productRefGroup = 20FA4E2715D2205200A863EE /* Products */;
			projectDirPath = "";
			projectRoot = "";
			targets = (
				20FA4E2515D2205200A863EE /* SoccerCoach */,
			);
		};
/* End PBXProject section */

/* Begin PBXResourcesBuildPhase section */
		20FA4E2415D2205200A863EE /* Resources */ = {
			isa = PBXResourcesBuildPhase;
			buildActionMask = 2147483647;
			files = (
				20FA4E3715D2205200A863EE /* InfoPlist.strings in Resources */,
			);
			runOnlyForDeploymentPostprocessing = 0;
		};
/* End PBXResourcesBuildPhase section */

/* Begin PBXSourcesBuildPhase section */
		20FA4E2215D2205200A863EE /* Sources */ = {
			isa = PBXSourcesBuildPhase;
			buildActionMask = 2147483647;
			files = (
				20FA4E3915D2205200A863EE /* main.m in Sources */,
				20FA4E3D15D2205200A863EE /* SCAppDelegate.m in Sources */,
				20FA4E4615D2205200A863EE /* SoccerCoach.xcdatamodeld in Sources */,
				20545D4B15D43E9900505E7F /* SCTeamIndexViewController.m in Sources */,
				205412AA15D4DDC600E3F9AE /* SCTeamPartialView.m in Sources */,
				203DA33115D78AB400511E7C /* SCTeamCreateView.m in Sources */,
				20FBA7B615D8BE11003EDA44 /* Game.m in Sources */,
				20FBA7B915D8BE26003EDA44 /* GamePlayer.m in Sources */,
				20FBA7BC15D8BE37003EDA44 /* Player.m in Sources */,
				20FBA7BF15D8BE42003EDA44 /* PlayingTime.m in Sources */,
				20FBA7C215D8BE51003EDA44 /* Team.m in Sources */,
				20FBA7C515D8BE60003EDA44 /* TeamGameSetting.m in Sources */,
				2030E9CD15DD5D4D002469E0 /* SCTeamListScrollView.m in Sources */,
				2030E9D015DD5DDF002469E0 /* SCTeamShowViewController.m in Sources */,
			);
			runOnlyForDeploymentPostprocessing = 0;
		};
/* End PBXSourcesBuildPhase section */

/* Begin PBXVariantGroup section */
		20FA4E3515D2205200A863EE /* InfoPlist.strings */ = {
			isa = PBXVariantGroup;
			children = (
				20FA4E3615D2205200A863EE /* en */,
			);
			name = InfoPlist.strings;
			sourceTree = "<group>";
		};
/* End PBXVariantGroup section */

/* Begin XCBuildConfiguration section */
		20FA4E6315D2205200A863EE /* Debug */ = {
			isa = XCBuildConfiguration;
			buildSettings = {
				ALWAYS_SEARCH_USER_PATHS = NO;
				ARCHS = "$(ARCHS_STANDARD_32_BIT)";
				CLANG_CXX_LANGUAGE_STANDARD = "gnu++0x";
				CLANG_ENABLE_OBJC_ARC = YES;
				CLANG_WARN__DUPLICATE_METHOD_MATCH = YES;
				"CODE_SIGN_IDENTITY[sdk=iphoneos*]" = "iPhone Developer";
				COPY_PHASE_STRIP = NO;
				GCC_C_LANGUAGE_STANDARD = gnu99;
				GCC_DYNAMIC_NO_PIC = NO;
				GCC_OPTIMIZATION_LEVEL = 0;
				GCC_PREPROCESSOR_DEFINITIONS = (
					"DEBUG=1",
					"$(inherited)",
				);
				GCC_SYMBOLS_PRIVATE_EXTERN = NO;
				GCC_VERSION = com.apple.compilers.llvm.clang.1_0;
				GCC_WARN_ABOUT_RETURN_TYPE = YES;
				GCC_WARN_UNINITIALIZED_AUTOS = YES;
				GCC_WARN_UNUSED_VARIABLE = YES;
				IPHONEOS_DEPLOYMENT_TARGET = 5.1;
				SDKROOT = iphoneos;
				TARGETED_DEVICE_FAMILY = "1,2";
			};
			name = Debug;
		};
		20FA4E6415D2205200A863EE /* Release */ = {
			isa = XCBuildConfiguration;
			buildSettings = {
				ALWAYS_SEARCH_USER_PATHS = NO;
				ARCHS = "$(ARCHS_STANDARD_32_BIT)";
				CLANG_CXX_LANGUAGE_STANDARD = "gnu++0x";
				CLANG_ENABLE_OBJC_ARC = YES;
				CLANG_WARN__DUPLICATE_METHOD_MATCH = YES;
				"CODE_SIGN_IDENTITY[sdk=iphoneos*]" = "iPhone Developer";
				COPY_PHASE_STRIP = YES;
				GCC_C_LANGUAGE_STANDARD = gnu99;
				GCC_VERSION = com.apple.compilers.llvm.clang.1_0;
				GCC_WARN_ABOUT_RETURN_TYPE = YES;
				GCC_WARN_UNINITIALIZED_AUTOS = YES;
				GCC_WARN_UNUSED_VARIABLE = YES;
				IPHONEOS_DEPLOYMENT_TARGET = 5.1;
				OTHER_CFLAGS = "-DNS_BLOCK_ASSERTIONS=1";
				SDKROOT = iphoneos;
				TARGETED_DEVICE_FAMILY = "1,2";
				VALIDATE_PRODUCT = YES;
			};
			name = Release;
		};
		20FA4E6615D2205200A863EE /* Debug */ = {
			isa = XCBuildConfiguration;
			buildSettings = {
				GCC_PRECOMPILE_PREFIX_HEADER = YES;
				GCC_PREFIX_HEADER = "SoccerCoach/SoccerCoach-Prefix.pch";
				INFOPLIST_FILE = "SoccerCoach/SoccerCoach-Info.plist";
				PRODUCT_NAME = "$(TARGET_NAME)";
				WRAPPER_EXTENSION = app;
			};
			name = Debug;
		};
		20FA4E6715D2205200A863EE /* Release */ = {
			isa = XCBuildConfiguration;
			buildSettings = {
				GCC_PRECOMPILE_PREFIX_HEADER = YES;
				GCC_PREFIX_HEADER = "SoccerCoach/SoccerCoach-Prefix.pch";
				INFOPLIST_FILE = "SoccerCoach/SoccerCoach-Info.plist";
				PRODUCT_NAME = "$(TARGET_NAME)";
				WRAPPER_EXTENSION = app;
			};
			name = Release;
		};
/* End XCBuildConfiguration section */

/* Begin XCConfigurationList section */
		20FA4E2015D2205200A863EE /* Build configuration list for PBXProject "SoccerCoach" */ = {
			isa = XCConfigurationList;
			buildConfigurations = (
				20FA4E6315D2205200A863EE /* Debug */,
				20FA4E6415D2205200A863EE /* Release */,
			);
			defaultConfigurationIsVisible = 0;
			defaultConfigurationName = Release;
		};
		20FA4E6515D2205200A863EE /* Build configuration list for PBXNativeTarget "SoccerCoach" */ = {
			isa = XCConfigurationList;
			buildConfigurations = (
				20FA4E6615D2205200A863EE /* Debug */,
				20FA4E6715D2205200A863EE /* Release */,
			);
			defaultConfigurationIsVisible = 0;
			defaultConfigurationName = Release;
		};
/* End XCConfigurationList section */

/* Begin XCVersionGroup section */
		20FA4E4415D2205200A863EE /* SoccerCoach.xcdatamodeld */ = {
			isa = XCVersionGroup;
			children = (
				20FA4E4515D2205200A863EE /* SoccerCoach.xcdatamodel */,
			);
			currentVersion = 20FA4E4515D2205200A863EE /* SoccerCoach.xcdatamodel */;
			path = SoccerCoach.xcdatamodeld;
			sourceTree = "<group>";
			versionGroupType = wrapper.xcdatamodel;
		};
/* End XCVersionGroup section */
	};
	rootObject = 20FA4E1D15D2205200A863EE /* Project object */;
}
